
Microsoft Visual Studio Solution File, Format Version 12.00
# Visual Studio Version 16
VisualStudioVersion = 16.0.30204.135
MinimumVisualStudioVersion = 10.0.40219.1
Project("{FAE04EC0-301F-11D3-BF4B-00C04F79EFBC}") = "ScantistSCA", "ScantistSCA.csproj", "{5A664521-62A0-48C9-B3EA-8F038A560B87}"
EndProject
Global
	GlobalSection(SolutionConfigurationPlatforms) = preSolution
		Debug|Any CPU = Debug|Any CPU
		Release|Any CPU = Release|Any CPU
	EndGlobalSection
	GlobalSection(ProjectConfigurationPlatforms) = postSolution
		{5A664521-62A0-48C9-B3EA-8F038A560B87}.Debug|Any CPU.ActiveCfg = Debug|Any CPU
		{5A664521-62A0-48C9-B3EA-8F038A560B87}.Debug|Any CPU.Build.0 = Debug|Any CPU
		{5A664521-62A0-48C9-B3EA-8F038A560B87}.Release|Any CPU.ActiveCfg = Release|Any CPU
		{5A664521-62A0-48C9-B3EA-8F038A560B87}.Release|Any CPU.Build.0 = Release|Any CPU
	EndGlobalSection
	GlobalSection(SolutionProperties) = preSolution
		HideSolutionNode = FALSE
	EndGlobalSection
	GlobalSection(ExtensibilityGlobals) = postSolution
		SolutionGuid = {13ACA9D5-71D3-4C2D-8D60-30D1B9AA23C2}
	EndGlobalSection
EndGlobal
